
Microsoft Visual Studio Solution File, Format Version 12.00
# Visual Studio Version 16
VisualStudioVersion = 16.0.31321.278
MinimumVisualStudioVersion = 10.0.40219.1
Project("{FAE04EC0-301F-11D3-BF4B-00C04F79EFBC}") = "Session 2", "Assignment1\Session 2.csproj", "{CBAD0EFB-AD27-4751-AE92-F96BF003A99A}"
EndProject
Global
	GlobalSection(SolutionConfigurationPlatforms) = preSolution
		Debug|Any CPU = Debug|Any CPU
		Release|Any CPU = Release|Any CPU
	EndGlobalSection
	GlobalSection(ProjectConfigurationPlatforms) = postSolution
		{CBAD0EFB-AD27-4751-AE92-F96BF003A99A}.Debug|Any CPU.ActiveCfg = Debug|Any CPU
		{CBAD0EFB-AD27-4751-AE92-F96BF003A99A}.Debug|Any CPU.Build.0 = Debug|Any CPU
		{CBAD0EFB-AD27-4751-AE92-F96BF003A99A}.Release|Any CPU.ActiveCfg = Release|Any CPU
		{CBAD0EFB-AD27-4751-AE92-F96BF003A99A}.Release|Any CPU.Build.0 = Release|Any CPU
	EndGlobalSection
	GlobalSection(SolutionProperties) = preSolution
		HideSolutionNode = FALSE
	EndGlobalSection
	GlobalSection(ExtensibilityGlobals) = postSolution
		SolutionGuid = {00921A52-CC42-4A46-8787-9E1C214F8C51}
	EndGlobalSection
EndGlobal
