
Microsoft Visual Studio Solution File, Format Version 12.00
# Visual Studio Version 16
VisualStudioVersion = 16.0.31321.278
MinimumVisualStudioVersion = 10.0.40219.1
Project("{FAE04EC0-301F-11D3-BF4B-00C04F79EFBC}") = "EFApp", "ExerciseEF\EFApp.csproj", "{7F0A03E1-8456-44CE-94D2-3A0EB5EF49CE}"
EndProject
Project("{FAE04EC0-301F-11D3-BF4B-00C04F79EFBC}") = "EFApp.Model", "ClassLibrary1\EFApp.Model.csproj", "{9CB55CA5-FD48-4BC0-ADA3-78868ECCA75F}"
EndProject
Project("{FAE04EC0-301F-11D3-BF4B-00C04F79EFBC}") = "EFApp.EF", "EFApp.EF\EFApp.EF.csproj", "{B5586888-BE6C-49E9-ACBF-E4DB2740F425}"
EndProject
Global
	GlobalSection(SolutionConfigurationPlatforms) = preSolution
		Debug|Any CPU = Debug|Any CPU
		Release|Any CPU = Release|Any CPU
	EndGlobalSection
	GlobalSection(ProjectConfigurationPlatforms) = postSolution
		{7F0A03E1-8456-44CE-94D2-3A0EB5EF49CE}.Debug|Any CPU.ActiveCfg = Debug|Any CPU
		{7F0A03E1-8456-44CE-94D2-3A0EB5EF49CE}.Debug|Any CPU.Build.0 = Debug|Any CPU
		{7F0A03E1-8456-44CE-94D2-3A0EB5EF49CE}.Release|Any CPU.ActiveCfg = Release|Any CPU
		{7F0A03E1-8456-44CE-94D2-3A0EB5EF49CE}.Release|Any CPU.Build.0 = Release|Any CPU
		{9CB55CA5-FD48-4BC0-ADA3-78868ECCA75F}.Debug|Any CPU.ActiveCfg = Debug|Any CPU
		{9CB55CA5-FD48-4BC0-ADA3-78868ECCA75F}.Debug|Any CPU.Build.0 = Debug|Any CPU
		{9CB55CA5-FD48-4BC0-ADA3-78868ECCA75F}.Release|Any CPU.ActiveCfg = Release|Any CPU
		{9CB55CA5-FD48-4BC0-ADA3-78868ECCA75F}.Release|Any CPU.Build.0 = Release|Any CPU
		{B5586888-BE6C-49E9-ACBF-E4DB2740F425}.Debug|Any CPU.ActiveCfg = Debug|Any CPU
		{B5586888-BE6C-49E9-ACBF-E4DB2740F425}.Debug|Any CPU.Build.0 = Debug|Any CPU
		{B5586888-BE6C-49E9-ACBF-E4DB2740F425}.Release|Any CPU.ActiveCfg = Release|Any CPU
		{B5586888-BE6C-49E9-ACBF-E4DB2740F425}.Release|Any CPU.Build.0 = Release|Any CPU
	EndGlobalSection
	GlobalSection(SolutionProperties) = preSolution
		HideSolutionNode = FALSE
	EndGlobalSection
	GlobalSection(ExtensibilityGlobals) = postSolution
		SolutionGuid = {25F9354B-A4BA-462A-9710-C44289BEF575}
	EndGlobalSection
EndGlobal
